
Microsoft Visual Studio Solution File, Format Version 12.00
# Visual Studio 15
VisualStudioVersion = 15.0.27703.2035
MinimumVisualStudioVersion = 10.0.40219.1
Project("{FAE04EC0-301F-11D3-BF4B-00C04F79EFBC}") = "Fiap04.Api.Client", "Fiap04.Api.Client\Fiap04.Api.Client.csproj", "{A86892C9-CFD0-47CE-912F-EB7DBEC1B6DB}"
EndProject
Global
	GlobalSection(SolutionConfigurationPlatforms) = preSolution
		Debug|Any CPU = Debug|Any CPU
		Release|Any CPU = Release|Any CPU
	EndGlobalSection
	GlobalSection(ProjectConfigurationPlatforms) = postSolution
		{A86892C9-CFD0-47CE-912F-EB7DBEC1B6DB}.Debug|Any CPU.ActiveCfg = Debug|Any CPU
		{A86892C9-CFD0-47CE-912F-EB7DBEC1B6DB}.Debug|Any CPU.Build.0 = Debug|Any CPU
		{A86892C9-CFD0-47CE-912F-EB7DBEC1B6DB}.Release|Any CPU.ActiveCfg = Release|Any CPU
		{A86892C9-CFD0-47CE-912F-EB7DBEC1B6DB}.Release|Any CPU.Build.0 = Release|Any CPU
	EndGlobalSection
	GlobalSection(SolutionProperties) = preSolution
		HideSolutionNode = FALSE
	EndGlobalSection
	GlobalSection(ExtensibilityGlobals) = postSolution
		SolutionGuid = {9F8509D7-A925-4A1B-8FB8-5FF14FF2D90B}
	EndGlobalSection
EndGlobal
