
Microsoft Visual Studio Solution File, Format Version 12.00
# Visual Studio 15
VisualStudioVersion = 15.0.27703.2035
MinimumVisualStudioVersion = 10.0.40219.1
Project("{FAE04EC0-301F-11D3-BF4B-00C04F79EFBC}") = "Fiap03.Web.MVC", "Fiap03.Web.MVC\Fiap03.Web.MVC.csproj", "{71CCBB8C-C6FB-4FD3-98BE-3E46738AAB8D}"
EndProject
Global
	GlobalSection(SolutionConfigurationPlatforms) = preSolution
		Debug|Any CPU = Debug|Any CPU
		Release|Any CPU = Release|Any CPU
	EndGlobalSection
	GlobalSection(ProjectConfigurationPlatforms) = postSolution
		{71CCBB8C-C6FB-4FD3-98BE-3E46738AAB8D}.Debug|Any CPU.ActiveCfg = Debug|Any CPU
		{71CCBB8C-C6FB-4FD3-98BE-3E46738AAB8D}.Debug|Any CPU.Build.0 = Debug|Any CPU
		{71CCBB8C-C6FB-4FD3-98BE-3E46738AAB8D}.Release|Any CPU.ActiveCfg = Release|Any CPU
		{71CCBB8C-C6FB-4FD3-98BE-3E46738AAB8D}.Release|Any CPU.Build.0 = Release|Any CPU
	EndGlobalSection
	GlobalSection(SolutionProperties) = preSolution
		HideSolutionNode = FALSE
	EndGlobalSection
	GlobalSection(ExtensibilityGlobals) = postSolution
		SolutionGuid = {CD49ADCE-EF0F-4FA7-A8D2-F0F27A482F15}
	EndGlobalSection
EndGlobal
