
Microsoft Visual Studio Solution File, Format Version 12.00
# Visual Studio 15
VisualStudioVersion = 15.0.27703.2035
MinimumVisualStudioVersion = 10.0.40219.1
Project("{FAE04EC0-301F-11D3-BF4B-00C04F79EFBC}") = "Fiap03.Web.MVC", "Fiap03.Web.MVC\Fiap03.Web.MVC.csproj", "{71CCBB8C-C6FB-4FD3-98BE-3E46738AAB8D}"
EndProject
Project("{00D1A9C2-B5F0-4AF3-8072-F6C62B433612}") = "Fiap03.Banco", "Fiap03.Banco\Fiap03.Banco.sqlproj", "{031DA395-E87E-45B3-BE94-D809F520E3D8}"
EndProject
Project("{FAE04EC0-301F-11D3-BF4B-00C04F79EFBC}") = "Fiap03.DAL", "Fiap03.DAL\Fiap03.DAL.csproj", "{8E599A36-D0C5-4839-9EA9-872C62ECA4E2}"
EndProject
Project("{FAE04EC0-301F-11D3-BF4B-00C04F79EFBC}") = "Fiap03.MOD", "Fiap03.MOD\Fiap03.MOD.csproj", "{457B87BA-E311-4B98-9736-0AD4A544E548}"
EndProject
Project("{FAE04EC0-301F-11D3-BF4B-00C04F79EFBC}") = "Fiap03.Web.API", "Fiap03.Web.API\Fiap03.Web.API.csproj", "{3E84236D-B8DD-44FF-B6D8-F48B787D3880}"
EndProject
Global
	GlobalSection(SolutionConfigurationPlatforms) = preSolution
		Debug|Any CPU = Debug|Any CPU
		Release|Any CPU = Release|Any CPU
	EndGlobalSection
	GlobalSection(ProjectConfigurationPlatforms) = postSolution
		{71CCBB8C-C6FB-4FD3-98BE-3E46738AAB8D}.Debug|Any CPU.ActiveCfg = Debug|Any CPU
		{71CCBB8C-C6FB-4FD3-98BE-3E46738AAB8D}.Debug|Any CPU.Build.0 = Debug|Any CPU
		{71CCBB8C-C6FB-4FD3-98BE-3E46738AAB8D}.Release|Any CPU.ActiveCfg = Release|Any CPU
		{71CCBB8C-C6FB-4FD3-98BE-3E46738AAB8D}.Release|Any CPU.Build.0 = Release|Any CPU
		{031DA395-E87E-45B3-BE94-D809F520E3D8}.Debug|Any CPU.ActiveCfg = Debug|Any CPU
		{031DA395-E87E-45B3-BE94-D809F520E3D8}.Debug|Any CPU.Build.0 = Debug|Any CPU
		{031DA395-E87E-45B3-BE94-D809F520E3D8}.Debug|Any CPU.Deploy.0 = Debug|Any CPU
		{031DA395-E87E-45B3-BE94-D809F520E3D8}.Release|Any CPU.ActiveCfg = Release|Any CPU
		{031DA395-E87E-45B3-BE94-D809F520E3D8}.Release|Any CPU.Build.0 = Release|Any CPU
		{031DA395-E87E-45B3-BE94-D809F520E3D8}.Release|Any CPU.Deploy.0 = Release|Any CPU
		{8E599A36-D0C5-4839-9EA9-872C62ECA4E2}.Debug|Any CPU.ActiveCfg = Debug|Any CPU
		{8E599A36-D0C5-4839-9EA9-872C62ECA4E2}.Debug|Any CPU.Build.0 = Debug|Any CPU
		{8E599A36-D0C5-4839-9EA9-872C62ECA4E2}.Release|Any CPU.ActiveCfg = Release|Any CPU
		{8E599A36-D0C5-4839-9EA9-872C62ECA4E2}.Release|Any CPU.Build.0 = Release|Any CPU
		{457B87BA-E311-4B98-9736-0AD4A544E548}.Debug|Any CPU.ActiveCfg = Debug|Any CPU
		{457B87BA-E311-4B98-9736-0AD4A544E548}.Debug|Any CPU.Build.0 = Debug|Any CPU
		{457B87BA-E311-4B98-9736-0AD4A544E548}.Release|Any CPU.ActiveCfg = Release|Any CPU
		{457B87BA-E311-4B98-9736-0AD4A544E548}.Release|Any CPU.Build.0 = Release|Any CPU
		{3E84236D-B8DD-44FF-B6D8-F48B787D3880}.Debug|Any CPU.ActiveCfg = Debug|Any CPU
		{3E84236D-B8DD-44FF-B6D8-F48B787D3880}.Debug|Any CPU.Build.0 = Debug|Any CPU
		{3E84236D-B8DD-44FF-B6D8-F48B787D3880}.Release|Any CPU.ActiveCfg = Release|Any CPU
		{3E84236D-B8DD-44FF-B6D8-F48B787D3880}.Release|Any CPU.Build.0 = Release|Any CPU
	EndGlobalSection
	GlobalSection(SolutionProperties) = preSolution
		HideSolutionNode = FALSE
	EndGlobalSection
	GlobalSection(ExtensibilityGlobals) = postSolution
		SolutionGuid = {CD49ADCE-EF0F-4FA7-A8D2-F0F27A482F15}
	EndGlobalSection
EndGlobal
