
Microsoft Visual Studio Solution File, Format Version 12.00
# Visual Studio 15
VisualStudioVersion = 15.0.27703.2035
MinimumVisualStudioVersion = 10.0.40219.1
Project("{FAE04EC0-301F-11D3-BF4B-00C04F79EFBC}") = "Fiap01.Fabrica.UI", "Fiap01.Fabrica.UI\Fiap01.Fabrica.UI.csproj", "{4A8B11A2-F431-44F6-89FA-C1797574234B}"
EndProject
Global
	GlobalSection(SolutionConfigurationPlatforms) = preSolution
		Debug|Any CPU = Debug|Any CPU
		Release|Any CPU = Release|Any CPU
	EndGlobalSection
	GlobalSection(ProjectConfigurationPlatforms) = postSolution
		{4A8B11A2-F431-44F6-89FA-C1797574234B}.Debug|Any CPU.ActiveCfg = Debug|Any CPU
		{4A8B11A2-F431-44F6-89FA-C1797574234B}.Debug|Any CPU.Build.0 = Debug|Any CPU
		{4A8B11A2-F431-44F6-89FA-C1797574234B}.Release|Any CPU.ActiveCfg = Release|Any CPU
		{4A8B11A2-F431-44F6-89FA-C1797574234B}.Release|Any CPU.Build.0 = Release|Any CPU
	EndGlobalSection
	GlobalSection(SolutionProperties) = preSolution
		HideSolutionNode = FALSE
	EndGlobalSection
	GlobalSection(ExtensibilityGlobals) = postSolution
		SolutionGuid = {04B704A2-4DC9-4AF9-AAD1-7AC5EF00CFDC}
	EndGlobalSection
EndGlobal
